
Microsoft Visual Studio Solution File, Format Version 12.00
# Visual Studio Version 17
VisualStudioVersion = 17.0.31309.35
MinimumVisualStudioVersion = 10.0.40219.1
Project("{2150E333-8FDC-42A3-9474-1A3956D46DE8}") = "VisionTools", "VisionTools", "{F02CB7F2-DBE4-40B1-9330-BB2F596B7874}"
EndProject
Project("{2150E333-8FDC-42A3-9474-1A3956D46DE8}") = "NativeImage", "NativeImage", "{4F14FA71-7341-4E90-8448-5C4B9B3C09CF}"
EndProject
Project("{2150E333-8FDC-42A3-9474-1A3956D46DE8}") = "VisionToolsNatvis", "VisionToolsNatvis", "{3C65DB2A-ED04-41C5-96BB-94B6AD63D278}"
	ProjectSection(SolutionItems) = preProject
		..\..\VisionTools\visualizers\VisionTools.natvis = ..\..\VisionTools\visualizers\VisionTools.natvis
	EndProjectSection
EndProject
Project("{FAE04EC0-301F-11D3-BF4B-00C04F79EFBC}") = "ImageWatch", "ImageWatch\ImageWatch.csproj", "{721C93A9-43BA-4C97-A64C-9C61452EBC53}"
	ProjectSection(ProjectDependencies) = postProject
		{3C290E87-A850-44C5-BAA5-7A2491054313} = {3C290E87-A850-44C5-BAA5-7A2491054313}
		{84A95F4A-D784-479E-A47C-8FC99E728FA5} = {84A95F4A-D784-479E-A47C-8FC99E728FA5}
	EndProjectSection
EndProject
Project("{8BC9CEB8-8B4A-11D0-8D11-00A0C91BC942}") = "ImageWatchNativeHelpers", "ImageWatchNativeHelpers\ImageWatchNativeHelpers.vcxproj", "{84A95F4A-D784-479E-A47C-8FC99E728FA5}"
	ProjectSection(ProjectDependencies) = postProject
		{4B4C055C-170E-4DCF-8F73-BED91BE7CFA4} = {4B4C055C-170E-4DCF-8F73-BED91BE7CFA4}
		{F3DED308-7A6F-4B9F-8EDF-AF99DEC8BDE3} = {F3DED308-7A6F-4B9F-8EDF-AF99DEC8BDE3}
		{F99F7B19-47A6-4677-94F2-93C12CF1FB97} = {F99F7B19-47A6-4677-94F2-93C12CF1FB97}
	EndProjectSection
EndProject
Project("{8BC9CEB8-8B4A-11D0-8D11-00A0C91BC942}") = "NativeImage", "vtiview\NativeImage\NativeImage.vcxproj", "{3C290E87-A850-44C5-BAA5-7A2491054313}"
	ProjectSection(ProjectDependencies) = postProject
		{4B4C055C-170E-4DCF-8F73-BED91BE7CFA4} = {4B4C055C-170E-4DCF-8F73-BED91BE7CFA4}
		{A69603CC-65E8-443F-8E31-737DBD6BB0DB} = {A69603CC-65E8-443F-8E31-737DBD6BB0DB}
		{F3DED308-7A6F-4B9F-8EDF-AF99DEC8BDE3} = {F3DED308-7A6F-4B9F-8EDF-AF99DEC8BDE3}
		{F99F7B19-47A6-4677-94F2-93C12CF1FB97} = {F99F7B19-47A6-4677-94F2-93C12CF1FB97}
	EndProjectSection
EndProject
Project("{8BC9CEB8-8B4A-11D0-8D11-00A0C91BC942}") = "core", "VisionTools\src\core\core.vcxproj", "{7BE4FD3F-0B30-422A-AAB1-2B23C781689C}"
EndProject
Project("{8BC9CEB8-8B4A-11D0-8D11-00A0C91BC942}") = "common", "VisionTools\src\common\common.vcxproj", "{F0F1ACA6-70B0-4322-AB74-C8DC49299240}"
EndProject
Project("{8BC9CEB8-8B4A-11D0-8D11-00A0C91BC942}") = "fileio", "VisionTools\src\fileio\fileio.vcxproj", "{B8734155-8117-42A9-BE7D-155366A035DE}"
EndProject
Project("{8BC9CEB8-8B4A-11D0-8D11-00A0C91BC942}") = "hdpio", "VisionTools\src\hdpio\hdpio.vcxproj", "{9B7E8327-7B04-49F0-9682-3EC9BCA04774}"
EndProject
Project("{8BC9CEB8-8B4A-11D0-8D11-00A0C91BC942}") = "numerics", "VisionTools\src\numerics\numerics.vcxproj", "{D6EB28C8-BECF-4D01-8B0D-6018BCD5FB1E}"
EndProject
Project("{8BC9CEB8-8B4A-11D0-8D11-00A0C91BC942}") = "JXRCommonLib", "contrib\JXRLib\image\projects\CommonLib.vcxproj", "{4B4C055C-170E-4DCF-8F73-BED91BE7CFA4}"
EndProject
Project("{8BC9CEB8-8B4A-11D0-8D11-00A0C91BC942}") = "JXRDecodeLib", "contrib\JXRLib\image\projects\DecodeLib.vcxproj", "{F3DED308-7A6F-4B9F-8EDF-AF99DEC8BDE3}"
EndProject
Project("{8BC9CEB8-8B4A-11D0-8D11-00A0C91BC942}") = "JXREncodeLib", "contrib\JXRLib\image\projects\EncodeLib.vcxproj", "{F99F7B19-47A6-4677-94F2-93C12CF1FB97}"
EndProject
Project("{8BC9CEB8-8B4A-11D0-8D11-00A0C91BC942}") = "JXRGlueLib", "contrib\JXRLib\jxrgluelib\JXRGlueLib.vcxproj", "{A69603CC-65E8-443F-8E31-737DBD6BB0DB}"
EndProject
Project("{FAE04EC0-301F-11D3-BF4B-00C04F79EFBC}") = "ImageWatch.Packaging", "ImageWatch.Packaging\ImageWatch.Packaging.csproj", "{574032BF-1B66-48F2-845D-60D2047847C3}"
EndProject
Project("{2150E333-8FDC-42A3-9474-1A3956D46DE8}") = "JXRLib", "JXRLib", "{217FCBB9-3854-4277-B42B-03A1D27EB841}"
EndProject
Project("{8BC9CEB8-8B4A-11D0-8D11-00A0C91BC942}") = "coretest", "VisionTools\tests\coretest\coretest.vcxproj", "{D03F176E-B30E-4BAF-9F13-DF76C5EF3937}"
	ProjectSection(ProjectDependencies) = postProject
		{7BE4FD3F-0B30-422A-AAB1-2B23C781689C} = {7BE4FD3F-0B30-422A-AAB1-2B23C781689C}
	EndProjectSection
EndProject
Project("{8BC9CEB8-8B4A-11D0-8D11-00A0C91BC942}") = "numericstest", "VisionTools\tests\numericstest\numericstest.vcxproj", "{25056E0A-CAFE-482A-A681-13A37E9CFEAE}"
EndProject
Project("{2150E333-8FDC-42A3-9474-1A3956D46DE8}") = "Test", "Test", "{01D99C9D-CC96-42B3-B3E0-75E7FFCA27B1}"
EndProject
Project("{8BC9CEB8-8B4A-11D0-8D11-00A0C91BC942}") = "ConsoleApplication1", "Test\ConsoleApplication1\ConsoleApplication1\ConsoleApplication1.vcxproj", "{29B21191-637A-442D-BC41-4C0A16C49CC2}"
EndProject
Project("{8BC9CEB8-8B4A-11D0-8D11-00A0C91BC942}") = "VTApp1", "Test\VTApp1\VTApp1\VTApp1.vcxproj", "{F725CA59-6D1A-476A-BE5B-D447FF5F5999}"
EndProject
Project("{8BC9CEB8-8B4A-11D0-8D11-00A0C91BC942}") = "VTApp2", "Test\VTApp2\VTApp2\VTApp2.vcxproj", "{E9EC9F01-054F-4FC3-8FA9-9AB4FE5CB2AC}"
EndProject
Global
	GlobalSection(SolutionConfigurationPlatforms) = preSolution
		Debug|x64 = Debug|x64
		Release|x64 = Release|x64
	EndGlobalSection
	GlobalSection(ProjectConfigurationPlatforms) = postSolution
		{721C93A9-43BA-4C97-A64C-9C61452EBC53}.Debug|x64.ActiveCfg = Debug|x64
		{721C93A9-43BA-4C97-A64C-9C61452EBC53}.Debug|x64.Build.0 = Debug|x64
		{721C93A9-43BA-4C97-A64C-9C61452EBC53}.Release|x64.ActiveCfg = Release|x64
		{721C93A9-43BA-4C97-A64C-9C61452EBC53}.Release|x64.Build.0 = Release|x64
		{84A95F4A-D784-479E-A47C-8FC99E728FA5}.Debug|x64.ActiveCfg = Debug|x64
		{84A95F4A-D784-479E-A47C-8FC99E728FA5}.Debug|x64.Build.0 = Debug|x64
		{84A95F4A-D784-479E-A47C-8FC99E728FA5}.Release|x64.ActiveCfg = Release|x64
		{84A95F4A-D784-479E-A47C-8FC99E728FA5}.Release|x64.Build.0 = Release|x64
		{3C290E87-A850-44C5-BAA5-7A2491054313}.Debug|x64.ActiveCfg = Debug|x64
		{3C290E87-A850-44C5-BAA5-7A2491054313}.Debug|x64.Build.0 = Debug|x64
		{3C290E87-A850-44C5-BAA5-7A2491054313}.Release|x64.ActiveCfg = Release|x64
		{3C290E87-A850-44C5-BAA5-7A2491054313}.Release|x64.Build.0 = Release|x64
		{7BE4FD3F-0B30-422A-AAB1-2B23C781689C}.Debug|x64.ActiveCfg = Debug|x64
		{7BE4FD3F-0B30-422A-AAB1-2B23C781689C}.Debug|x64.Build.0 = Debug|x64
		{7BE4FD3F-0B30-422A-AAB1-2B23C781689C}.Release|x64.ActiveCfg = Release|x64
		{7BE4FD3F-0B30-422A-AAB1-2B23C781689C}.Release|x64.Build.0 = Release|x64
		{F0F1ACA6-70B0-4322-AB74-C8DC49299240}.Debug|x64.ActiveCfg = Debug|x64
		{F0F1ACA6-70B0-4322-AB74-C8DC49299240}.Debug|x64.Build.0 = Debug|x64
		{F0F1ACA6-70B0-4322-AB74-C8DC49299240}.Release|x64.ActiveCfg = Release|x64
		{F0F1ACA6-70B0-4322-AB74-C8DC49299240}.Release|x64.Build.0 = Release|x64
		{B8734155-8117-42A9-BE7D-155366A035DE}.Debug|x64.ActiveCfg = Debug|x64
		{B8734155-8117-42A9-BE7D-155366A035DE}.Debug|x64.Build.0 = Debug|x64
		{B8734155-8117-42A9-BE7D-155366A035DE}.Release|x64.ActiveCfg = Release|x64
		{B8734155-8117-42A9-BE7D-155366A035DE}.Release|x64.Build.0 = Release|x64
		{9B7E8327-7B04-49F0-9682-3EC9BCA04774}.Debug|x64.ActiveCfg = Debug|x64
		{9B7E8327-7B04-49F0-9682-3EC9BCA04774}.Debug|x64.Build.0 = Debug|x64
		{9B7E8327-7B04-49F0-9682-3EC9BCA04774}.Release|x64.ActiveCfg = Release|x64
		{9B7E8327-7B04-49F0-9682-3EC9BCA04774}.Release|x64.Build.0 = Release|x64
		{D6EB28C8-BECF-4D01-8B0D-6018BCD5FB1E}.Debug|x64.ActiveCfg = Debug|x64
		{D6EB28C8-BECF-4D01-8B0D-6018BCD5FB1E}.Debug|x64.Build.0 = Debug|x64
		{D6EB28C8-BECF-4D01-8B0D-6018BCD5FB1E}.Release|x64.ActiveCfg = Release|x64
		{D6EB28C8-BECF-4D01-8B0D-6018BCD5FB1E}.Release|x64.Build.0 = Release|x64
		{4B4C055C-170E-4DCF-8F73-BED91BE7CFA4}.Debug|x64.ActiveCfg = Debug|x64
		{4B4C055C-170E-4DCF-8F73-BED91BE7CFA4}.Debug|x64.Build.0 = Debug|x64
		{4B4C055C-170E-4DCF-8F73-BED91BE7CFA4}.Release|x64.ActiveCfg = Release|x64
		{4B4C055C-170E-4DCF-8F73-BED91BE7CFA4}.Release|x64.Build.0 = Release|x64
		{F3DED308-7A6F-4B9F-8EDF-AF99DEC8BDE3}.Debug|x64.ActiveCfg = Debug|x64
		{F3DED308-7A6F-4B9F-8EDF-AF99DEC8BDE3}.Debug|x64.Build.0 = Debug|x64
		{F3DED308-7A6F-4B9F-8EDF-AF99DEC8BDE3}.Release|x64.ActiveCfg = Release|x64
		{F3DED308-7A6F-4B9F-8EDF-AF99DEC8BDE3}.Release|x64.Build.0 = Release|x64
		{F99F7B19-47A6-4677-94F2-93C12CF1FB97}.Debug|x64.ActiveCfg = Debug|x64
		{F99F7B19-47A6-4677-94F2-93C12CF1FB97}.Debug|x64.Build.0 = Debug|x64
		{F99F7B19-47A6-4677-94F2-93C12CF1FB97}.Release|x64.ActiveCfg = Release|x64
		{F99F7B19-47A6-4677-94F2-93C12CF1FB97}.Release|x64.Build.0 = Release|x64
		{A69603CC-65E8-443F-8E31-737DBD6BB0DB}.Debug|x64.ActiveCfg = Debug|x64
		{A69603CC-65E8-443F-8E31-737DBD6BB0DB}.Debug|x64.Build.0 = Debug|x64
		{A69603CC-65E8-443F-8E31-737DBD6BB0DB}.Release|x64.ActiveCfg = Release|x64
		{A69603CC-65E8-443F-8E31-737DBD6BB0DB}.Release|x64.Build.0 = Release|x64
		{574032BF-1B66-48F2-845D-60D2047847C3}.Debug|x64.ActiveCfg = Debug|x64
		{574032BF-1B66-48F2-845D-60D2047847C3}.Debug|x64.Build.0 = Debug|x64
		{574032BF-1B66-48F2-845D-60D2047847C3}.Release|x64.ActiveCfg = Release|x64
		{574032BF-1B66-48F2-845D-60D2047847C3}.Release|x64.Build.0 = Release|x64
		{D03F176E-B30E-4BAF-9F13-DF76C5EF3937}.Debug|x64.ActiveCfg = Debug|x64
		{D03F176E-B30E-4BAF-9F13-DF76C5EF3937}.Debug|x64.Build.0 = Debug|x64
		{D03F176E-B30E-4BAF-9F13-DF76C5EF3937}.Release|x64.ActiveCfg = Release|x64
		{D03F176E-B30E-4BAF-9F13-DF76C5EF3937}.Release|x64.Build.0 = Release|x64
		{25056E0A-CAFE-482A-A681-13A37E9CFEAE}.Debug|x64.ActiveCfg = Debug|x64
		{25056E0A-CAFE-482A-A681-13A37E9CFEAE}.Debug|x64.Build.0 = Debug|x64
		{25056E0A-CAFE-482A-A681-13A37E9CFEAE}.Release|x64.ActiveCfg = Release|x64
		{25056E0A-CAFE-482A-A681-13A37E9CFEAE}.Release|x64.Build.0 = Release|x64
		{29B21191-637A-442D-BC41-4C0A16C49CC2}.Debug|x64.ActiveCfg = Debug|x64
		{29B21191-637A-442D-BC41-4C0A16C49CC2}.Release|x64.ActiveCfg = Release|x64
		{F725CA59-6D1A-476A-BE5B-D447FF5F5999}.Debug|x64.ActiveCfg = Debug|x64
		{F725CA59-6D1A-476A-BE5B-D447FF5F5999}.Debug|x64.Build.0 = Debug|x64
		{F725CA59-6D1A-476A-BE5B-D447FF5F5999}.Release|x64.ActiveCfg = Release|x64
		{F725CA59-6D1A-476A-BE5B-D447FF5F5999}.Release|x64.Build.0 = Release|x64
		{E9EC9F01-054F-4FC3-8FA9-9AB4FE5CB2AC}.Debug|x64.ActiveCfg = Debug|x64
		{E9EC9F01-054F-4FC3-8FA9-9AB4FE5CB2AC}.Debug|x64.Build.0 = Debug|x64
		{E9EC9F01-054F-4FC3-8FA9-9AB4FE5CB2AC}.Release|x64.ActiveCfg = Release|x64
		{E9EC9F01-054F-4FC3-8FA9-9AB4FE5CB2AC}.Release|x64.Build.0 = Release|x64
	EndGlobalSection
	GlobalSection(SolutionProperties) = preSolution
		HideSolutionNode = FALSE
	EndGlobalSection
	GlobalSection(NestedProjects) = preSolution
		{3C290E87-A850-44C5-BAA5-7A2491054313} = {4F14FA71-7341-4E90-8448-5C4B9B3C09CF}
		{7BE4FD3F-0B30-422A-AAB1-2B23C781689C} = {F02CB7F2-DBE4-40B1-9330-BB2F596B7874}
		{F0F1ACA6-70B0-4322-AB74-C8DC49299240} = {F02CB7F2-DBE4-40B1-9330-BB2F596B7874}
		{B8734155-8117-42A9-BE7D-155366A035DE} = {F02CB7F2-DBE4-40B1-9330-BB2F596B7874}
		{9B7E8327-7B04-49F0-9682-3EC9BCA04774} = {F02CB7F2-DBE4-40B1-9330-BB2F596B7874}
		{D6EB28C8-BECF-4D01-8B0D-6018BCD5FB1E} = {F02CB7F2-DBE4-40B1-9330-BB2F596B7874}
		{4B4C055C-170E-4DCF-8F73-BED91BE7CFA4} = {217FCBB9-3854-4277-B42B-03A1D27EB841}
		{F3DED308-7A6F-4B9F-8EDF-AF99DEC8BDE3} = {217FCBB9-3854-4277-B42B-03A1D27EB841}
		{F99F7B19-47A6-4677-94F2-93C12CF1FB97} = {217FCBB9-3854-4277-B42B-03A1D27EB841}
		{A69603CC-65E8-443F-8E31-737DBD6BB0DB} = {217FCBB9-3854-4277-B42B-03A1D27EB841}
		{D03F176E-B30E-4BAF-9F13-DF76C5EF3937} = {F02CB7F2-DBE4-40B1-9330-BB2F596B7874}
		{25056E0A-CAFE-482A-A681-13A37E9CFEAE} = {F02CB7F2-DBE4-40B1-9330-BB2F596B7874}
		{29B21191-637A-442D-BC41-4C0A16C49CC2} = {01D99C9D-CC96-42B3-B3E0-75E7FFCA27B1}
		{F725CA59-6D1A-476A-BE5B-D447FF5F5999} = {01D99C9D-CC96-42B3-B3E0-75E7FFCA27B1}
		{E9EC9F01-054F-4FC3-8FA9-9AB4FE5CB2AC} = {01D99C9D-CC96-42B3-B3E0-75E7FFCA27B1}
	EndGlobalSection
	GlobalSection(ExtensibilityGlobals) = postSolution
		SolutionGuid = {313CF741-DB24-4DF4-ADDC-A8A2B9387303}
	EndGlobalSection
EndGlobal
